
Microsoft Visual Studio Solution File, Format Version 12.00
# Visual Studio 15
VisualStudioVersion = 15.0.28010.2048
MinimumVisualStudioVersion = 10.0.40219.1
Project("{FAE04EC0-301F-11D3-BF4B-00C04F79EFBC}") = "CentManagerment", "CentManagerment\CentManagerment.csproj", "{D8D06F10-AE73-47E2-AAD4-E1ACA0828E43}"
EndProject
Project("{FAE04EC0-301F-11D3-BF4B-00C04F79EFBC}") = "CentManagerment.BU", "CentManagerment.BU\CentManagerment.BU.csproj", "{F3E72A08-EC8F-47C0-9842-A74574169391}"
EndProject
Project("{FAE04EC0-301F-11D3-BF4B-00C04F79EFBC}") = "CentManagerment.Model", "CentManagerment.Model\CentManagerment.Model.csproj", "{61A4539B-C55A-4564-9B15-971F216738AD}"
EndProject
Global
	GlobalSection(SolutionConfigurationPlatforms) = preSolution
		Debug|Any CPU = Debug|Any CPU
		Release|Any CPU = Release|Any CPU
	EndGlobalSection
	GlobalSection(ProjectConfigurationPlatforms) = postSolution
		{D8D06F10-AE73-47E2-AAD4-E1ACA0828E43}.Debug|Any CPU.ActiveCfg = Debug|Any CPU
		{D8D06F10-AE73-47E2-AAD4-E1ACA0828E43}.Debug|Any CPU.Build.0 = Debug|Any CPU
		{D8D06F10-AE73-47E2-AAD4-E1ACA0828E43}.Release|Any CPU.ActiveCfg = Release|Any CPU
		{D8D06F10-AE73-47E2-AAD4-E1ACA0828E43}.Release|Any CPU.Build.0 = Release|Any CPU
		{F3E72A08-EC8F-47C0-9842-A74574169391}.Debug|Any CPU.ActiveCfg = Debug|Any CPU
		{F3E72A08-EC8F-47C0-9842-A74574169391}.Debug|Any CPU.Build.0 = Debug|Any CPU
		{F3E72A08-EC8F-47C0-9842-A74574169391}.Release|Any CPU.ActiveCfg = Release|Any CPU
		{F3E72A08-EC8F-47C0-9842-A74574169391}.Release|Any CPU.Build.0 = Release|Any CPU
		{61A4539B-C55A-4564-9B15-971F216738AD}.Debug|Any CPU.ActiveCfg = Debug|Any CPU
		{61A4539B-C55A-4564-9B15-971F216738AD}.Debug|Any CPU.Build.0 = Debug|Any CPU
		{61A4539B-C55A-4564-9B15-971F216738AD}.Release|Any CPU.ActiveCfg = Release|Any CPU
		{61A4539B-C55A-4564-9B15-971F216738AD}.Release|Any CPU.Build.0 = Release|Any CPU
	EndGlobalSection
	GlobalSection(SolutionProperties) = preSolution
		HideSolutionNode = FALSE
	EndGlobalSection
	GlobalSection(ExtensibilityGlobals) = postSolution
		SolutionGuid = {FBD556B8-652D-48B5-A172-FCE54382FB66}
	EndGlobalSection
EndGlobal
